// !$*UTF8*$!
{
	archiveVersion = 1;
	classes = {
	};
	objectVersion = 46;
	objects = {

/* Begin PBXBuildFile section */
		53FA5BBF1D89F866004975A1 /* AnyList.cpp in Sources */ = {isa = PBXBuildFile; fileRef = 53FA5BBC1D89F866004975A1 /* AnyList.cpp */; };
		53FA5BC01D89F866004975A1 /* Main.cpp in Sources */ = {isa = PBXBuildFile; fileRef = 53FA5BBE1D89F866004975A1 /* Main.cpp */; };
/* End PBXBuildFile section */

/* Begin PBXCopyFilesBuildPhase section */
		53FA5BB01D89F855004975A1 /* CopyFiles */ = {
			isa = PBXCopyFilesBuildPhase;
			buildActionMask = 2147483647;
			dstPath = /usr/share/man/man1/;
			dstSubfolderSpec = 0;
			files = (
			);
			runOnlyForDeploymentPostprocessing = 1;
		};
/* End PBXCopyFilesBuildPhase section */

/* Begin PBXFileReference section */
		53FA5BB21D89F855004975A1 /* SLL */ = {isa = PBXFileReference; explicitFileType = "compiled.mach-o.executable"; includeInIndex = 0; path = SLL; sourceTree = BUILT_PRODUCTS_DIR; };
		53FA5BBC1D89F866004975A1 /* AnyList.cpp */ = {isa = PBXFileReference; fileEncoding = 4; lastKnownFileType = sourcecode.cpp.cpp; name = AnyList.cpp; path = "../../../Downloads/lab_02_sll 2/Project/AnyList.cpp"; sourceTree = "<group>"; };
		53FA5BBD1D89F866004975A1 /* AnyList.h */ = {isa = PBXFileReference; fileEncoding = 4; lastKnownFileType = sourcecode.c.h; name = AnyList.h; path = "../../../Downloads/lab_02_sll 2/Project/AnyList.h"; sourceTree = "<group>"; };
		53FA5BBE1D89F866004975A1 /* Main.cpp */ = {isa = PBXFileReference; fileEncoding = 4; lastKnownFileType = sourcecode.cpp.cpp; name = Main.cpp; path = "../../../Downloads/lab_02_sll 2/Project/Main.cpp"; sourceTree = "<group>"; };
/* End PBXFileReference section */

/* Begin PBXFrameworksBuildPhase section */
		53FA5BAF1D89F855004975A1 /* Frameworks */ = {
			isa = PBXFrameworksBuildPhase;
			buildActionMask = 2147483647;
			files = (
			);
			runOnlyForDeploymentPostprocessing = 0;
		};
/* End PBXFrameworksBuildPhase section */

/* Begin PBXGroup section */
		53FA5BA91D89F855004975A1 = {
			isa = PBXGroup;
			children = (
				53FA5BB41D89F855004975A1 /* SLL */,
				53FA5BB31D89F855004975A1 /* Products */,
			);
			sourceTree = "<group>";
		};
		53FA5BB31D89F855004975A1 /* Products */ = {
			isa = PBXGroup;
			children = (
				53FA5BB21D89F855004975A1 /* SLL */,
			);
			name = Products;
			sourceTree = "<group>";
		};
		53FA5BB41D89F855004975A1 /* SLL */ = {
			isa = PBXGroup;
			children = (
				53FA5BBC1D89F866004975A1 /* AnyList.cpp */,
				53FA5BBD1D89F866004975A1 /* AnyList.h */,
				53FA5BBE1D89F866004975A1 /* Main.cpp */,
			);
			path = SLL;
			sourceTree = "<group>";
		};
/* End PBXGroup section */

/* Begin PBXNativeTarget section */
		53FA5BB11D89F855004975A1 /* SLL */ = {
			isa = PBXNativeTarget;
			buildConfigurationList = 53FA5BB91D89F855004975A1 /* Build configuration list for PBXNativeTarget "SLL" */;
			buildPhases = (
				53FA5BAE1D89F855004975A1 /* Sources */,
				53FA5BAF1D89F855004975A1 /* Frameworks */,
				53FA5BB01D89F855004975A1 /* CopyFiles */,
			);
			buildRules = (
			);
			dependencies = (
			);
			name = SLL;
			productName = SLL;
			productReference = 53FA5BB21D89F855004975A1 /* SLL */;
			productType = "com.apple.product-type.tool";
		};
/* End PBXNativeTarget section */

/* Begin PBXProject section */
		53FA5BAA1D89F855004975A1 /* Project object */ = {
			isa = PBXProject;
			attributes = {
				LastUpgradeCheck = 0720;
				ORGANIZATIONNAME = "Dean Roberts";
				TargetAttributes = {
					53FA5BB11D89F855004975A1 = {
						CreatedOnToolsVersion = 7.2.1;
					};
				};
			};
			buildConfigurationList = 53FA5BAD1D89F855004975A1 /* Build configuration list for PBXProject "SLL" */;
			compatibilityVersion = "Xcode 3.2";
			developmentRegion = English;
			hasScannedForEncodings = 0;
			knownRegions = (
				en,
			);
			mainGroup = 53FA5BA91D89F855004975A1;
			productRefGroup = 53FA5BB31D89F855004975A1 /* Products */;
			projectDirPath = "";
			projectRoot = "";
			targets = (
				53FA5BB11D89F855004975A1 /* SLL */,
			);
		};
/* End PBXProject section */

/* Begin PBXSourcesBuildPhase section */
		53FA5BAE1D89F855004975A1 /* Sources */ = {
			isa = PBXSourcesBuildPhase;
			buildActionMask = 2147483647;
			files = (
				53FA5BC01D89F866004975A1 /* Main.cpp in Sources */,
				53FA5BBF1D89F866004975A1 /* AnyList.cpp in Sources */,
			);
			runOnlyForDeploymentPostprocessing = 0;
		};
/* End PBXSourcesBuildPhase section */

/* Begin XCBuildConfiguration section */
		53FA5BB71D89F855004975A1 /* Debug */ = {
			isa = XCBuildConfiguration;
			buildSettings = {
				ALWAYS_SEARCH_USER_PATHS = NO;
				CLANG_CXX_LANGUAGE_STANDARD = "gnu++0x";
				CLANG_CXX_LIBRARY = "libc++";
				CLANG_ENABLE_MODULES = YES;
				CLANG_ENABLE_OBJC_ARC = YES;
				CLANG_WARN_BOOL_CONVERSION = YES;
				CLANG_WARN_CONSTANT_CONVERSION = YES;
				CLANG_WARN_DIRECT_OBJC_ISA_USAGE = YES_ERROR;
				CLANG_WARN_EMPTY_BODY = YES;
				CLANG_WARN_ENUM_CONVERSION = YES;
				CLANG_WARN_INT_CONVERSION = YES;
				CLANG_WARN_OBJC_ROOT_CLASS = YES_ERROR;
				CLANG_WARN_UNREACHABLE_CODE = YES;
				CLANG_WARN__DUPLICATE_METHOD_MATCH = YES;
				CODE_SIGN_IDENTITY = "-";
				COPY_PHASE_STRIP = NO;
				DEBUG_INFORMATION_FORMAT = dwarf;
				ENABLE_STRICT_OBJC_MSGSEND = YES;
				ENABLE_TESTABILITY = YES;
				GCC_C_LANGUAGE_STANDARD = gnu99;
				GCC_DYNAMIC_NO_PIC = NO;
				GCC_NO_COMMON_BLOCKS = YES;
				GCC_OPTIMIZATION_LEVEL = 0;
				GCC_PREPROCESSOR_DEFINITIONS = (
					"DEBUG=1",
					"$(inherited)",
				);
				GCC_WARN_64_TO_32_BIT_CONVERSION = YES;
				GCC_WARN_ABOUT_RETURN_TYPE = YES_ERROR;
				GCC_WARN_UNDECLARED_SELECTOR = YES;
				GCC_WARN_UNINITIALIZED_AUTOS = YES_AGGRESSIVE;
				GCC_WARN_UNUSED_FUNCTION = YES;
				GCC_WARN_UNUSED_VARIABLE = YES;
				MACOSX_DEPLOYMENT_TARGET = 10.11;
				MTL_ENABLE_DEBUG_INFO = YES;
				ONLY_ACTIVE_ARCH = YES;
				SDKROOT = macosx;
			};
			name = Debug;
		};
		53FA5BB81D89F855004975A1 /* Release */ = {
			isa = XCBuildConfiguration;
			buildSettings = {
				ALWAYS_SEARCH_USER_PATHS = NO;
				CLANG_CXX_LANGUAGE_STANDARD = "gnu++0x";
				CLANG_CXX_LIBRARY = "libc++";
				CLANG_ENABLE_MODULES = YES;
				CLANG_ENABLE_OBJC_ARC = YES;
				CLANG_WARN_BOOL_CONVERSION = YES;
				CLANG_WARN_CONSTANT_CONVERSION = YES;
				CLANG_WARN_DIRECT_OBJC_ISA_USAGE = YES_ERROR;
				CLANG_WARN_EMPTY_BODY = YES;
				CLANG_WARN_ENUM_CONVERSION = YES;
				CLANG_WARN_INT_CONVERSION = YES;
				CLANG_WARN_OBJC_ROOT_CLASS = YES_ERROR;
				CLANG_WARN_UNREACHABLE_CODE = YES;
				CLANG_WARN__DUPLICATE_METHOD_MATCH = YES;
				CODE_SIGN_IDENTITY = "-";
				COPY_PHASE_STRIP = NO;
				DEBUG_INFORMATION_FORMAT = "dwarf-with-dsym";
				ENABLE_NS_ASSERTIONS = NO;
				ENABLE_STRICT_OBJC_MSGSEND = YES;
				GCC_C_LANGUAGE_STANDARD = gnu99;
				GCC_NO_COMMON_BLOCKS = YES;
				GCC_WARN_64_TO_32_BIT_CONVERSION = YES;
				GCC_WARN_ABOUT_RETURN_TYPE = YES_ERROR;
				GCC_WARN_UNDECLARED_SELECTOR = YES;
				GCC_WARN_UNINITIALIZED_AUTOS = YES_AGGRESSIVE;
				GCC_WARN_UNUSED_FUNCTION = YES;
				GCC_WARN_UNUSED_VARIABLE = YES;
				MACOSX_DEPLOYMENT_TARGET = 10.11;
				MTL_ENABLE_DEBUG_INFO = NO;
				SDKROOT = macosx;
			};
			name = Release;
		};
		53FA5BBA1D89F855004975A1 /* Debug */ = {
			isa = XCBuildConfiguration;
			buildSettings = {
				PRODUCT_NAME = "$(TARGET_NAME)";
			};
			name = Debug;
		};
		53FA5BBB1D89F855004975A1 /* Release */ = {
			isa = XCBuildConfiguration;
			buildSettings = {
				PRODUCT_NAME = "$(TARGET_NAME)";
			};
			name = Release;
		};
/* End XCBuildConfiguration section */

/* Begin XCConfigurationList section */
		53FA5BAD1D89F855004975A1 /* Build configuration list for PBXProject "SLL" */ = {
			isa = XCConfigurationList;
			buildConfigurations = (
				53FA5BB71D89F855004975A1 /* Debug */,
				53FA5BB81D89F855004975A1 /* Release */,
			);
			defaultConfigurationIsVisible = 0;
			defaultConfigurationName = Release;
		};
		53FA5BB91D89F855004975A1 /* Build configuration list for PBXNativeTarget "SLL" */ = {
			isa = XCConfigurationList;
			buildConfigurations = (
				53FA5BBA1D89F855004975A1 /* Debug */,
				53FA5BBB1D89F855004975A1 /* Release */,
			);
			defaultConfigurationIsVisible = 0;
		};
/* End XCConfigurationList section */
	};
	rootObject = 53FA5BAA1D89F855004975A1 /* Project object */;
}
